
Microsoft Visual Studio Solution File, Format Version 11.00
# Visual Studio 2010
Project("{8BC9CEB8-8B4A-11D0-8D11-00A0C91BC942}") = "upr_constr", "upr_constr\upr_constr.vcxproj", "{76699A65-FAF5-4CE4-89D1-1AC377803164}"
EndProject
Global
	GlobalSection(SolutionConfigurationPlatforms) = preSolution
		Debug|Win32 = Debug|Win32
		Release|Win32 = Release|Win32
	EndGlobalSection
	GlobalSection(ProjectConfigurationPlatforms) = postSolution
		{76699A65-FAF5-4CE4-89D1-1AC377803164}.Debug|Win32.ActiveCfg = Debug|Win32
		{76699A65-FAF5-4CE4-89D1-1AC377803164}.Debug|Win32.Build.0 = Debug|Win32
		{76699A65-FAF5-4CE4-89D1-1AC377803164}.Release|Win32.ActiveCfg = Release|Win32
		{76699A65-FAF5-4CE4-89D1-1AC377803164}.Release|Win32.Build.0 = Release|Win32
	EndGlobalSection
	GlobalSection(SolutionProperties) = preSolution
		HideSolutionNode = FALSE
	EndGlobalSection
EndGlobal
